
Microsoft Visual Studio Solution File, Format Version 12.00
# Visual Studio Version 17
VisualStudioVersion = 17.10.34928.147
MinimumVisualStudioVersion = 10.0.40219.1
Project("{FAE04EC0-301F-11D3-BF4B-00C04F79EFBC}") = "MessageWall", "MessageWall\MessageWall.csproj", "{80C6ED09-0AB3-4E87-A467-5FE11F973399}"
EndProject
Global
	GlobalSection(SolutionConfigurationPlatforms) = preSolution
		Debug|Any CPU = Debug|Any CPU
		Release|Any CPU = Release|Any CPU
	EndGlobalSection
	GlobalSection(ProjectConfigurationPlatforms) = postSolution
		{80C6ED09-0AB3-4E87-A467-5FE11F973399}.Debug|Any CPU.ActiveCfg = Debug|Any CPU
		{80C6ED09-0AB3-4E87-A467-5FE11F973399}.Debug|Any CPU.Build.0 = Debug|Any CPU
		{80C6ED09-0AB3-4E87-A467-5FE11F973399}.Release|Any CPU.ActiveCfg = Release|Any CPU
		{80C6ED09-0AB3-4E87-A467-5FE11F973399}.Release|Any CPU.Build.0 = Release|Any CPU
	EndGlobalSection
	GlobalSection(SolutionProperties) = preSolution
		HideSolutionNode = FALSE
	EndGlobalSection
	GlobalSection(ExtensibilityGlobals) = postSolution
		SolutionGuid = {A85917E9-E3BF-45D7-93F2-B0C6F58FA71B}
	EndGlobalSection
EndGlobal
